
Microsoft Visual Studio Solution File, Format Version 12.00
# Visual Studio Version 17
VisualStudioVersion = 17.8.34309.116
MinimumVisualStudioVersion = 10.0.40219.1
Project("{FAE04EC0-301F-11D3-BF4B-00C04F79EFBC}") = "daprota", "daprota\daprota.csproj", "{5EB842CF-A846-446F-B7BB-D4D30BFABED3}"
EndProject
Global
	GlobalSection(SolutionConfigurationPlatforms) = preSolution
		Debug|Any CPU = Debug|Any CPU
		Release|Any CPU = Release|Any CPU
	EndGlobalSection
	GlobalSection(ProjectConfigurationPlatforms) = postSolution
		{5EB842CF-A846-446F-B7BB-D4D30BFABED3}.Debug|Any CPU.ActiveCfg = Debug|Any CPU
		{5EB842CF-A846-446F-B7BB-D4D30BFABED3}.Debug|Any CPU.Build.0 = Debug|Any CPU
		{5EB842CF-A846-446F-B7BB-D4D30BFABED3}.Debug|Any CPU.Deploy.0 = Debug|Any CPU
		{5EB842CF-A846-446F-B7BB-D4D30BFABED3}.Release|Any CPU.ActiveCfg = Release|Any CPU
		{5EB842CF-A846-446F-B7BB-D4D30BFABED3}.Release|Any CPU.Build.0 = Release|Any CPU
		{5EB842CF-A846-446F-B7BB-D4D30BFABED3}.Release|Any CPU.Deploy.0 = Release|Any CPU
	EndGlobalSection
	GlobalSection(SolutionProperties) = preSolution
		HideSolutionNode = FALSE
	EndGlobalSection
	GlobalSection(ExtensibilityGlobals) = postSolution
		SolutionGuid = {65659B2F-A6E5-4BDF-A210-BBBA5C3AAF05}
	EndGlobalSection
EndGlobal
